
Microsoft Visual Studio Solution File, Format Version 12.00
# Visual Studio Version 16
VisualStudioVersion = 16.0.30320.27
MinimumVisualStudioVersion = 10.0.40219.1
Project("{2150E333-8FDC-42A3-9474-1A3956D46DE8}") = "Web", "Web", "{D7307FA5-45A8-48EA-8AED-BE55ED4A4F23}"
EndProject
Project("{FAE04EC0-301F-11D3-BF4B-00C04F79EFBC}") = "ServiceAccountsManager.Web", "ServiceAccountsManager.Web\ServiceAccountsManager.Web.csproj", "{50E34E59-30B8-4737-AED5-559D09D7DF64}"
EndProject
Project("{2150E333-8FDC-42A3-9474-1A3956D46DE8}") = "Business", "Business", "{4CECD48B-F0A0-46A9-AF16-01218C755857}"
EndProject
Project("{2150E333-8FDC-42A3-9474-1A3956D46DE8}") = "Common", "Common", "{A749113D-1C27-4D49-8AA3-39E6451AC60F}"
EndProject
Project("{2150E333-8FDC-42A3-9474-1A3956D46DE8}") = "Core", "Core", "{42C84465-0325-4535-9A72-48F21C7B7A75}"
EndProject
Project("{2150E333-8FDC-42A3-9474-1A3956D46DE8}") = "Data", "Data", "{130625C8-7719-4673-BA79-B7B4CC92695A}"
EndProject
Project("{FAE04EC0-301F-11D3-BF4B-00C04F79EFBC}") = "Data.Contracts", "Data\Data.Contracts\Data.Contracts.csproj", "{CACB8313-FD1C-41A1-AAF3-2122153441A0}"
EndProject
Project("{FAE04EC0-301F-11D3-BF4B-00C04F79EFBC}") = "Data.Implementation", "Data\Data.Implementation\Data.Implementation.csproj", "{6280A718-553D-4BD7-AF64-4FE01CACE645}"
EndProject
Project("{FAE04EC0-301F-11D3-BF4B-00C04F79EFBC}") = "DomainModel", "Common\DomainModel\DomainModel.csproj", "{9B0E918B-50AC-46DB-B4F1-76C7381A4C81}"
EndProject
Project("{FAE04EC0-301F-11D3-BF4B-00C04F79EFBC}") = "Extensions", "Common\Extensions\Extensions.csproj", "{F76A74B6-83A1-45B1-88A2-4F8D0F13064B}"
EndProject
Project("{FAE04EC0-301F-11D3-BF4B-00C04F79EFBC}") = "NinjectBindings", "Core\NinjectBindings\NinjectBindings.csproj", "{9A6AF2F8-6B1B-4C29-B069-BB8D5E7C771F}"
EndProject
Project("{FAE04EC0-301F-11D3-BF4B-00C04F79EFBC}") = "Services.Contracts", "Business\Services.Contracts\Services.Contracts.csproj", "{CB1B5137-DF7A-4611-84C1-93AF6C2E5078}"
EndProject
Project("{FAE04EC0-301F-11D3-BF4B-00C04F79EFBC}") = "Services.Implementation", "Business\Services.Implementation\Services.Implementation.csproj", "{71240A70-4B69-4F18-9620-B9E13E2D38A9}"
EndProject
Global
	GlobalSection(SolutionConfigurationPlatforms) = preSolution
		Debug|Any CPU = Debug|Any CPU
		Release|Any CPU = Release|Any CPU
	EndGlobalSection
	GlobalSection(ProjectConfigurationPlatforms) = postSolution
		{50E34E59-30B8-4737-AED5-559D09D7DF64}.Debug|Any CPU.ActiveCfg = Debug|Any CPU
		{50E34E59-30B8-4737-AED5-559D09D7DF64}.Debug|Any CPU.Build.0 = Debug|Any CPU
		{50E34E59-30B8-4737-AED5-559D09D7DF64}.Release|Any CPU.ActiveCfg = Release|Any CPU
		{50E34E59-30B8-4737-AED5-559D09D7DF64}.Release|Any CPU.Build.0 = Release|Any CPU
		{CACB8313-FD1C-41A1-AAF3-2122153441A0}.Debug|Any CPU.ActiveCfg = Debug|Any CPU
		{CACB8313-FD1C-41A1-AAF3-2122153441A0}.Debug|Any CPU.Build.0 = Debug|Any CPU
		{CACB8313-FD1C-41A1-AAF3-2122153441A0}.Release|Any CPU.ActiveCfg = Release|Any CPU
		{CACB8313-FD1C-41A1-AAF3-2122153441A0}.Release|Any CPU.Build.0 = Release|Any CPU
		{6280A718-553D-4BD7-AF64-4FE01CACE645}.Debug|Any CPU.ActiveCfg = Debug|Any CPU
		{6280A718-553D-4BD7-AF64-4FE01CACE645}.Debug|Any CPU.Build.0 = Debug|Any CPU
		{6280A718-553D-4BD7-AF64-4FE01CACE645}.Release|Any CPU.ActiveCfg = Release|Any CPU
		{6280A718-553D-4BD7-AF64-4FE01CACE645}.Release|Any CPU.Build.0 = Release|Any CPU
		{9B0E918B-50AC-46DB-B4F1-76C7381A4C81}.Debug|Any CPU.ActiveCfg = Debug|Any CPU
		{9B0E918B-50AC-46DB-B4F1-76C7381A4C81}.Debug|Any CPU.Build.0 = Debug|Any CPU
		{9B0E918B-50AC-46DB-B4F1-76C7381A4C81}.Release|Any CPU.ActiveCfg = Release|Any CPU
		{9B0E918B-50AC-46DB-B4F1-76C7381A4C81}.Release|Any CPU.Build.0 = Release|Any CPU
		{F76A74B6-83A1-45B1-88A2-4F8D0F13064B}.Debug|Any CPU.ActiveCfg = Debug|Any CPU
		{F76A74B6-83A1-45B1-88A2-4F8D0F13064B}.Debug|Any CPU.Build.0 = Debug|Any CPU
		{F76A74B6-83A1-45B1-88A2-4F8D0F13064B}.Release|Any CPU.ActiveCfg = Release|Any CPU
		{F76A74B6-83A1-45B1-88A2-4F8D0F13064B}.Release|Any CPU.Build.0 = Release|Any CPU
		{9A6AF2F8-6B1B-4C29-B069-BB8D5E7C771F}.Debug|Any CPU.ActiveCfg = Debug|Any CPU
		{9A6AF2F8-6B1B-4C29-B069-BB8D5E7C771F}.Debug|Any CPU.Build.0 = Debug|Any CPU
		{9A6AF2F8-6B1B-4C29-B069-BB8D5E7C771F}.Release|Any CPU.ActiveCfg = Release|Any CPU
		{9A6AF2F8-6B1B-4C29-B069-BB8D5E7C771F}.Release|Any CPU.Build.0 = Release|Any CPU
		{CB1B5137-DF7A-4611-84C1-93AF6C2E5078}.Debug|Any CPU.ActiveCfg = Debug|Any CPU
		{CB1B5137-DF7A-4611-84C1-93AF6C2E5078}.Debug|Any CPU.Build.0 = Debug|Any CPU
		{CB1B5137-DF7A-4611-84C1-93AF6C2E5078}.Release|Any CPU.ActiveCfg = Release|Any CPU
		{CB1B5137-DF7A-4611-84C1-93AF6C2E5078}.Release|Any CPU.Build.0 = Release|Any CPU
		{71240A70-4B69-4F18-9620-B9E13E2D38A9}.Debug|Any CPU.ActiveCfg = Debug|Any CPU
		{71240A70-4B69-4F18-9620-B9E13E2D38A9}.Debug|Any CPU.Build.0 = Debug|Any CPU
		{71240A70-4B69-4F18-9620-B9E13E2D38A9}.Release|Any CPU.ActiveCfg = Release|Any CPU
		{71240A70-4B69-4F18-9620-B9E13E2D38A9}.Release|Any CPU.Build.0 = Release|Any CPU
	EndGlobalSection
	GlobalSection(SolutionProperties) = preSolution
		HideSolutionNode = FALSE
	EndGlobalSection
	GlobalSection(NestedProjects) = preSolution
		{50E34E59-30B8-4737-AED5-559D09D7DF64} = {D7307FA5-45A8-48EA-8AED-BE55ED4A4F23}
		{CACB8313-FD1C-41A1-AAF3-2122153441A0} = {130625C8-7719-4673-BA79-B7B4CC92695A}
		{6280A718-553D-4BD7-AF64-4FE01CACE645} = {130625C8-7719-4673-BA79-B7B4CC92695A}
		{9B0E918B-50AC-46DB-B4F1-76C7381A4C81} = {A749113D-1C27-4D49-8AA3-39E6451AC60F}
		{F76A74B6-83A1-45B1-88A2-4F8D0F13064B} = {A749113D-1C27-4D49-8AA3-39E6451AC60F}
		{9A6AF2F8-6B1B-4C29-B069-BB8D5E7C771F} = {42C84465-0325-4535-9A72-48F21C7B7A75}
		{CB1B5137-DF7A-4611-84C1-93AF6C2E5078} = {4CECD48B-F0A0-46A9-AF16-01218C755857}
		{71240A70-4B69-4F18-9620-B9E13E2D38A9} = {4CECD48B-F0A0-46A9-AF16-01218C755857}
	EndGlobalSection
	GlobalSection(ExtensibilityGlobals) = postSolution
		SolutionGuid = {ADF85156-F0BD-4D2D-9078-E9671EE2E38D}
	EndGlobalSection
EndGlobal
